
Microsoft Visual Studio Solution File, Format Version 12.00
# Visual Studio Version 16
VisualStudioVersion = 16.0.29709.97
MinimumVisualStudioVersion = 10.0.40219.1
Project("{FAE04EC0-301F-11D3-BF4B-00C04F79EFBC}") = "flowchartpractice", "flowchartpractice.csproj", "{0272214E-920E-436A-BF06-59A8982B8D36}"
EndProject
Global
	GlobalSection(SolutionConfigurationPlatforms) = preSolution
		Debug|Any CPU = Debug|Any CPU
		Release|Any CPU = Release|Any CPU
	EndGlobalSection
	GlobalSection(ProjectConfigurationPlatforms) = postSolution
		{0272214E-920E-436A-BF06-59A8982B8D36}.Debug|Any CPU.ActiveCfg = Debug|Any CPU
		{0272214E-920E-436A-BF06-59A8982B8D36}.Debug|Any CPU.Build.0 = Debug|Any CPU
		{0272214E-920E-436A-BF06-59A8982B8D36}.Release|Any CPU.ActiveCfg = Release|Any CPU
		{0272214E-920E-436A-BF06-59A8982B8D36}.Release|Any CPU.Build.0 = Release|Any CPU
	EndGlobalSection
	GlobalSection(SolutionProperties) = preSolution
		HideSolutionNode = FALSE
	EndGlobalSection
	GlobalSection(ExtensibilityGlobals) = postSolution
		SolutionGuid = {AA124E5A-771E-4AE4-A6D8-419D077C31BB}
	EndGlobalSection
EndGlobal
